
Microsoft Visual Studio Solution File, Format Version 12.00
# Visual Studio Version 17
VisualStudioVersion = 17.6.33829.357
MinimumVisualStudioVersion = 10.0.40219.1
Project("{FAE04EC0-301F-11D3-BF4B-00C04F79EFBC}") = "16.7.1", "16.7.1\16.7.1.csproj", "{94FE888F-560F-49BB-8804-9BDFACE17E42}"
EndProject
Project("{FAE04EC0-301F-11D3-BF4B-00C04F79EFBC}") = "16.7.1.Tests", "16.7.1.Tests\16.7.1.Tests.csproj", "{29FA2B16-C6EF-4B6D-A957-22B65E63DA10}"
EndProject
Global
	GlobalSection(SolutionConfigurationPlatforms) = preSolution
		Debug|Any CPU = Debug|Any CPU
		Release|Any CPU = Release|Any CPU
	EndGlobalSection
	GlobalSection(ProjectConfigurationPlatforms) = postSolution
		{94FE888F-560F-49BB-8804-9BDFACE17E42}.Debug|Any CPU.ActiveCfg = Debug|Any CPU
		{94FE888F-560F-49BB-8804-9BDFACE17E42}.Debug|Any CPU.Build.0 = Debug|Any CPU
		{94FE888F-560F-49BB-8804-9BDFACE17E42}.Release|Any CPU.ActiveCfg = Release|Any CPU
		{94FE888F-560F-49BB-8804-9BDFACE17E42}.Release|Any CPU.Build.0 = Release|Any CPU
		{29FA2B16-C6EF-4B6D-A957-22B65E63DA10}.Debug|Any CPU.ActiveCfg = Debug|Any CPU
		{29FA2B16-C6EF-4B6D-A957-22B65E63DA10}.Debug|Any CPU.Build.0 = Debug|Any CPU
		{29FA2B16-C6EF-4B6D-A957-22B65E63DA10}.Release|Any CPU.ActiveCfg = Release|Any CPU
		{29FA2B16-C6EF-4B6D-A957-22B65E63DA10}.Release|Any CPU.Build.0 = Release|Any CPU
	EndGlobalSection
	GlobalSection(SolutionProperties) = preSolution
		HideSolutionNode = FALSE
	EndGlobalSection
	GlobalSection(ExtensibilityGlobals) = postSolution
		SolutionGuid = {876E1981-63F5-4397-B7C8-72DDEADA63BF}
	EndGlobalSection
EndGlobal
